
Microsoft Visual Studio Solution File, Format Version 12.00
# Visual Studio Version 16
VisualStudioVersion = 16.0.31515.178
MinimumVisualStudioVersion = 10.0.40219.1
Project("{FAE04EC0-301F-11D3-BF4B-00C04F79EFBC}") = "Application346", "Application346\Application346.csproj", "{58898E72-DE53-4FDC-ADE6-DA2F3690DAE3}"
EndProject
Global
	GlobalSection(SolutionConfigurationPlatforms) = preSolution
		Debug|Any CPU = Debug|Any CPU
		Release|Any CPU = Release|Any CPU
	EndGlobalSection
	GlobalSection(ProjectConfigurationPlatforms) = postSolution
		{58898E72-DE53-4FDC-ADE6-DA2F3690DAE3}.Debug|Any CPU.ActiveCfg = Debug|Any CPU
		{58898E72-DE53-4FDC-ADE6-DA2F3690DAE3}.Debug|Any CPU.Build.0 = Debug|Any CPU
		{58898E72-DE53-4FDC-ADE6-DA2F3690DAE3}.Release|Any CPU.ActiveCfg = Release|Any CPU
		{58898E72-DE53-4FDC-ADE6-DA2F3690DAE3}.Release|Any CPU.Build.0 = Release|Any CPU
	EndGlobalSection
	GlobalSection(SolutionProperties) = preSolution
		HideSolutionNode = FALSE
	EndGlobalSection
	GlobalSection(ExtensibilityGlobals) = postSolution
		SolutionGuid = {5687932A-2BDB-4FD5-B340-A81C5E610652}
	EndGlobalSection
EndGlobal
